Microsoft Visual Studio Solution File, Format Version 12.00
# Visual Studio Version 17
VisualStudioVersion = 17.5.2.0
MinimumVisualStudioVersion = 10.0.40219.1
Project("{2150E333-8FDC-42A3-9474-1A3956D46DE8}") = "graph-visualization-app", "graph-visualization-app", "{046CF15A-FC92-6DA5-6E5F-ABA67956AC91}"
EndProject
Project("{2150E333-8FDC-42A3-9474-1A3956D46DE8}") = "backend", "backend", "{50AF6B17-2654-BB73-CCEE-95528088C499}"
EndProject
Project("{2150E333-8FDC-42A3-9474-1A3956D46DE8}") = "src", "src", "{CC57AF71-C02E-6131-2F6B-C06A7714342B}"
EndProject
Project("{FAE04EC0-301F-11D3-BF4B-00C04F79EFBC}") = "GraphVisualizationApp", "graph-visualization-app\backend\src\GraphVisualizationApp\GraphVisualizationApp.csproj", "{EF2114F1-45AD-9045-F779-3F6666C05609}"
EndProject
Global
	GlobalSection(SolutionConfigurationPlatforms) = preSolution
		Debug|Any CPU = Debug|Any CPU
		Release|Any CPU = Release|Any CPU
	EndGlobalSection
	GlobalSection(ProjectConfigurationPlatforms) = postSolution
		{EF2114F1-45AD-9045-F779-3F6666C05609}.Debug|Any CPU.ActiveCfg = Debug|Any CPU
		{EF2114F1-45AD-9045-F779-3F6666C05609}.Debug|Any CPU.Build.0 = Debug|Any CPU
		{EF2114F1-45AD-9045-F779-3F6666C05609}.Release|Any CPU.ActiveCfg = Release|Any CPU
		{EF2114F1-45AD-9045-F779-3F6666C05609}.Release|Any CPU.Build.0 = Release|Any CPU
	EndGlobalSection
	GlobalSection(SolutionProperties) = preSolution
		HideSolutionNode = FALSE
	EndGlobalSection
	GlobalSection(NestedProjects) = preSolution
		{50AF6B17-2654-BB73-CCEE-95528088C499} = {046CF15A-FC92-6DA5-6E5F-ABA67956AC91}
		{CC57AF71-C02E-6131-2F6B-C06A7714342B} = {50AF6B17-2654-BB73-CCEE-95528088C499}
		{EF2114F1-45AD-9045-F779-3F6666C05609} = {CC57AF71-C02E-6131-2F6B-C06A7714342B}
	EndGlobalSection
	GlobalSection(ExtensibilityGlobals) = postSolution
		SolutionGuid = {D2B2EEB7-FE13-4B0E-90C3-0BD8AC5F333B}
	EndGlobalSection
EndGlobal
